
Microsoft Visual Studio Solution File, Format Version 12.00
# Visual Studio Version 17
VisualStudioVersion = 17.13.35818.85 d17.13
MinimumVisualStudioVersion = 10.0.40219.1
Project("{FAE04EC0-301F-11D3-BF4B-00C04F79EFBC}") = "Wisteria", "Wisteria\Wisteria.csproj", "{DB983C4F-B3C0-498E-BEDD-CC780B2DDF65}"
EndProject
Global
	GlobalSection(SolutionConfigurationPlatforms) = preSolution
		Debug|Any CPU = Debug|Any CPU
		Release|Any CPU = Release|Any CPU
	EndGlobalSection
	GlobalSection(ProjectConfigurationPlatforms) = postSolution
		{DB983C4F-B3C0-498E-BEDD-CC780B2DDF65}.Debug|Any CPU.ActiveCfg = Debug|Any CPU
		{DB983C4F-B3C0-498E-BEDD-CC780B2DDF65}.Debug|Any CPU.Build.0 = Debug|Any CPU
		{DB983C4F-B3C0-498E-BEDD-CC780B2DDF65}.Release|Any CPU.ActiveCfg = Release|Any CPU
		{DB983C4F-B3C0-498E-BEDD-CC780B2DDF65}.Release|Any CPU.Build.0 = Release|Any CPU
	EndGlobalSection
	GlobalSection(SolutionProperties) = preSolution
		HideSolutionNode = FALSE
	EndGlobalSection
	GlobalSection(ExtensibilityGlobals) = postSolution
		SolutionGuid = {B02A709F-14A0-4847-82B2-B9E2B9E137ED}
	EndGlobalSection
EndGlobal
